Microsoft Visual Studio Solution File, Format Version 12.00
# Visual Studio Express 2013 for Windows Desktop
VisualStudioVersion = 12.0.30723.0
MinimumVisualStudioVersion = 10.0.40219.1
Project("{8BC9CEB8-8B4A-11D0-8D11-00A0C91BC942}") = "xeniface_coinst", "xeniface_coinst\xeniface_coinst.vcxproj", "{85C731AD-2EA2-4049-A542-D2D38EDE938C}"
EndProject
Project("{8BC9CEB8-8B4A-11D0-8D11-00A0C91BC942}") = "xeniface", "xeniface\xeniface.vcxproj", "{22166290-65D8-49D2-BB88-33201797C7D8}"
	ProjectSection(ProjectDependencies) = postProject
		{85C731AD-2EA2-4049-A542-D2D38EDE938C} = {85C731AD-2EA2-4049-A542-D2D38EDE938C}
	EndProjectSection
EndProject
Project("{8BC9CEB8-8B4A-11D0-8D11-00A0C91BC942}") = "xenagent", "xenagent\xenagent.vcxproj", "{2E61D2CC-865E-442C-8C83-B8DAFD7BBD3B}"
EndProject
Project("{8BC9CEB8-8B4A-11D0-8D11-00A0C91BC942}") = "package", "package\package.vcxproj", "{9B071A35-897C-477A-AEB7-95F77618A21D}"
	ProjectSection(ProjectDependencies) = postProject
		{85C731AD-2EA2-4049-A542-D2D38EDE938C} = {85C731AD-2EA2-4049-A542-D2D38EDE938C}
		{2E61D2CC-865E-442C-8C83-B8DAFD7BBD3B} = {2E61D2CC-865E-442C-8C83-B8DAFD7BBD3B}
	EndProjectSection
EndProject
Global
	GlobalSection(SolutionConfigurationPlatforms) = preSolution
		Debug|Win32 = Debug|Win32
		Debug|x64 = Debug|x64
		Release|Win32 = Release|Win32
		Release|x64 = Release|x64
		Windows 7 Debug|Win32 = Windows 7 Debug|Win32
		Windows 7 Debug|x64 = Windows 7 Debug|x64
		Windows 7 Release|Win32 = Windows 7 Release|Win32
		Windows 7 Release|x64 = Windows 7 Release|x64
		Windows Developer Preview Debug|Win32 = Windows Developer Preview Debug|Win32
		Windows Developer Preview Debug|x64 = Windows Developer Preview Debug|x64
		Windows Developer Preview Release|Win32 = Windows Developer Preview Release|Win32
		Windows Developer Preview Release|x64 = Windows Developer Preview Release|x64
		Windows Vista Debug|Win32 = Windows Vista Debug|Win32
		Windows Vista Debug|x64 = Windows Vista Debug|x64
		Windows Vista Release|Win32 = Windows Vista Release|Win32
		Windows Vista Release|x64 = Windows Vista Release|x64
	EndGlobalSection
	GlobalSection(ProjectConfigurationPlatforms) = postSolution
		{85C731AD-2EA2-4049-A542-D2D38EDE938C}.Debug|Win32.ActiveCfg = Windows 8 Debug|Win32
		{85C731AD-2EA2-4049-A542-D2D38EDE938C}.Debug|Win32.Build.0 = Windows 8 Debug|Win32
		{85C731AD-2EA2-4049-A542-D2D38EDE938C}.Debug|Win32.Deploy.0 = Windows 8 Debug|Win32
		{85C731AD-2EA2-4049-A542-D2D38EDE938C}.Debug|x64.ActiveCfg = Windows 8 Debug|x64
		{85C731AD-2EA2-4049-A542-D2D38EDE938C}.Debug|x64.Build.0 = Windows 8 Debug|x64
		{85C731AD-2EA2-4049-A542-D2D38EDE938C}.Debug|x64.Deploy.0 = Windows 8 Debug|x64
		{85C731AD-2EA2-4049-A542-D2D38EDE938C}.Release|Win32.ActiveCfg = Windows 7 Release|Win32
		{85C731AD-2EA2-4049-A542-D2D38EDE938C}.Release|Win32.Build.0 = Windows 7 Release|Win32
		{85C731AD-2EA2-4049-A542-D2D38EDE938C}.Release|Win32.Deploy.0 = Windows 7 Release|Win32
		{85C731AD-2EA2-4049-A542-D2D38EDE938C}.Release|x64.ActiveCfg = Windows 7 Release|x64
		{85C731AD-2EA2-4049-A542-D2D38EDE938C}.Release|x64.Build.0 = Windows 7 Release|x64
		{85C731AD-2EA2-4049-A542-D2D38EDE938C}.Release|x64.Deploy.0 = Windows 7 Release|x64
		{85C731AD-2EA2-4049-A542-D2D38EDE938C}.Windows 7 Debug|Win32.ActiveCfg = Windows 7 Debug|Win32
		{85C731AD-2EA2-4049-A542-D2D38EDE938C}.Windows 7 Debug|Win32.Build.0 = Windows 7 Debug|Win32
		{85C731AD-2EA2-4049-A542-D2D38EDE938C}.Windows 7 Debug|Win32.Deploy.0 = Windows 7 Debug|Win32
		{85C731AD-2EA2-4049-A542-D2D38EDE938C}.Windows 7 Debug|x64.ActiveCfg = Windows 7 Debug|x64
		{85C731AD-2EA2-4049-A542-D2D38EDE938C}.Windows 7 Debug|x64.Build.0 = Windows 7 Debug|x64
		{85C731AD-2EA2-4049-A542-D2D38EDE938C}.Windows 7 Debug|x64.Deploy.0 = Windows 7 Debug|x64
		{85C731AD-2EA2-4049-A542-D2D38EDE938C}.Windows 7 Release|Win32.ActiveCfg = Windows 7 Release|Win32
		{85C731AD-2EA2-4049-A542-D2D38EDE938C}.Windows 7 Release|Win32.Build.0 = Windows 7 Release|Win32
		{85C731AD-2EA2-4049-A542-D2D38EDE938C}.Windows 7 Release|Win32.Deploy.0 = Windows 7 Release|Win32
		{85C731AD-2EA2-4049-A542-D2D38EDE938C}.Windows 7 Release|x64.ActiveCfg = Windows 7 Release|x64
		{85C731AD-2EA2-4049-A542-D2D38EDE938C}.Windows 7 Release|x64.Build.0 = Windows 7 Release|x64
		{85C731AD-2EA2-4049-A542-D2D38EDE938C}.Windows 7 Release|x64.Deploy.0 = Windows 7 Release|x64
		{85C731AD-2EA2-4049-A542-D2D38EDE938C}.Windows Developer Preview Debug|Win32.ActiveCfg = Windows 8 Debug|Win32
		{85C731AD-2EA2-4049-A542-D2D38EDE938C}.Windows Developer Preview Debug|Win32.Build.0 = Windows 8 Debug|Win32
		{85C731AD-2EA2-4049-A542-D2D38EDE938C}.Windows Developer Preview Debug|Win32.Deploy.0 = Windows 8 Debug|Win32
		{85C731AD-2EA2-4049-A542-D2D38EDE938C}.Windows Developer Preview Debug|x64.ActiveCfg = Windows 8 Debug|x64
		{85C731AD-2EA2-4049-A542-D2D38EDE938C}.Windows Developer Preview Debug|x64.Build.0 = Windows 8 Debug|x64
		{85C731AD-2EA2-4049-A542-D2D38EDE938C}.Windows Developer Preview Debug|x64.Deploy.0 = Windows 8 Debug|x64
		{85C731AD-2EA2-4049-A542-D2D38EDE938C}.Windows Developer Preview Release|Win32.ActiveCfg = Windows 8 Debug|Win32
		{85C731AD-2EA2-4049-A542-D2D38EDE938C}.Windows Developer Preview Release|Win32.Build.0 = Windows 8 Debug|Win32
		{85C731AD-2EA2-4049-A542-D2D38EDE938C}.Windows Developer Preview Release|Win32.Deploy.0 = Windows 8 Debug|Win32
		{85C731AD-2EA2-4049-A542-D2D38EDE938C}.Windows Developer Preview Release|x64.ActiveCfg = Windows 8 Debug|x64
		{85C731AD-2EA2-4049-A542-D2D38EDE938C}.Windows Developer Preview Release|x64.Build.0 = Windows 8 Debug|x64
		{85C731AD-2EA2-4049-A542-D2D38EDE938C}.Windows Developer Preview Release|x64.Deploy.0 = Windows 8 Debug|x64
		{85C731AD-2EA2-4049-A542-D2D38EDE938C}.Windows Vista Debug|Win32.ActiveCfg = Windows Vista Debug|Win32
		{85C731AD-2EA2-4049-A542-D2D38EDE938C}.Windows Vista Debug|Win32.Build.0 = Windows Vista Debug|Win32
		{85C731AD-2EA2-4049-A542-D2D38EDE938C}.Windows Vista Debug|Win32.Deploy.0 = Windows Vista Debug|Win32
		{85C731AD-2EA2-4049-A542-D2D38EDE938C}.Windows Vista Debug|x64.ActiveCfg = Windows Vista Debug|x64
		{85C731AD-2EA2-4049-A542-D2D38EDE938C}.Windows Vista Debug|x64.Build.0 = Windows Vista Debug|x64
		{85C731AD-2EA2-4049-A542-D2D38EDE938C}.Windows Vista Debug|x64.Deploy.0 = Windows Vista Debug|x64
		{85C731AD-2EA2-4049-A542-D2D38EDE938C}.Windows Vista Release|Win32.ActiveCfg = Windows Vista Release|Win32
		{85C731AD-2EA2-4049-A542-D2D38EDE938C}.Windows Vista Release|Win32.Build.0 = Windows Vista Release|Win32
		{85C731AD-2EA2-4049-A542-D2D38EDE938C}.Windows Vista Release|Win32.Deploy.0 = Windows Vista Release|Win32
		{85C731AD-2EA2-4049-A542-D2D38EDE938C}.Windows Vista Release|x64.ActiveCfg = Windows Vista Release|x64
		{85C731AD-2EA2-4049-A542-D2D38EDE938C}.Windows Vista Release|x64.Build.0 = Windows Vista Release|x64
		{85C731AD-2EA2-4049-A542-D2D38EDE938C}.Windows Vista Release|x64.Deploy.0 = Windows Vista Release|x64
		{22166290-65D8-49D2-BB88-33201797C7D8}.Debug|Win32.ActiveCfg = Windows 8 Debug|Win32
		{22166290-65D8-49D2-BB88-33201797C7D8}.Debug|Win32.Build.0 = Windows 8 Debug|Win32
		{22166290-65D8-49D2-BB88-33201797C7D8}.Debug|Win32.Deploy.0 = Windows 8 Debug|Win32
		{22166290-65D8-49D2-BB88-33201797C7D8}.Debug|x64.ActiveCfg = Windows 8 Debug|x64
		{22166290-65D8-49D2-BB88-33201797C7D8}.Debug|x64.Build.0 = Windows 8 Debug|x64
		{22166290-65D8-49D2-BB88-33201797C7D8}.Release|Win32.ActiveCfg = Windows 8 Release|Win32
		{22166290-65D8-49D2-BB88-33201797C7D8}.Release|Win32.Build.0 = Windows 8 Release|Win32
		{22166290-65D8-49D2-BB88-33201797C7D8}.Release|Win32.Deploy.0 = Windows 8 Release|Win32
		{22166290-65D8-49D2-BB88-33201797C7D8}.Release|x64.ActiveCfg = Windows 8 Release|x64
		{22166290-65D8-49D2-BB88-33201797C7D8}.Release|x64.Build.0 = Windows 8 Release|x64
		{22166290-65D8-49D2-BB88-33201797C7D8}.Windows 7 Debug|Win32.ActiveCfg = Windows 7 Debug|Win32
		{22166290-65D8-49D2-BB88-33201797C7D8}.Windows 7 Debug|Win32.Build.0 = Windows 7 Debug|Win32
		{22166290-65D8-49D2-BB88-33201797C7D8}.Windows 7 Debug|Win32.Deploy.0 = Windows 7 Debug|Win32
		{22166290-65D8-49D2-BB88-33201797C7D8}.Windows 7 Debug|x64.ActiveCfg = Windows 7 Debug|x64
		{22166290-65D8-49D2-BB88-33201797C7D8}.Windows 7 Debug|x64.Build.0 = Windows 7 Debug|x64
		{22166290-65D8-49D2-BB88-33201797C7D8}.Windows 7 Debug|x64.Deploy.0 = Windows 7 Debug|x64
		{22166290-65D8-49D2-BB88-33201797C7D8}.Windows 7 Release|Win32.ActiveCfg = Windows 7 Release|Win32
		{22166290-65D8-49D2-BB88-33201797C7D8}.Windows 7 Release|Win32.Build.0 = Windows 7 Release|Win32
		{22166290-65D8-49D2-BB88-33201797C7D8}.Windows 7 Release|Win32.Deploy.0 = Windows 7 Release|Win32
		{22166290-65D8-49D2-BB88-33201797C7D8}.Windows 7 Release|x64.ActiveCfg = Windows 7 Release|x64
		{22166290-65D8-49D2-BB88-33201797C7D8}.Windows 7 Release|x64.Build.0 = Windows 7 Release|x64
		{22166290-65D8-49D2-BB88-33201797C7D8}.Windows 7 Release|x64.Deploy.0 = Windows 7 Release|x64
		{22166290-65D8-49D2-BB88-33201797C7D8}.Windows Developer Preview Debug|Win32.ActiveCfg = Windows Vista Release|Win32
		{22166290-65D8-49D2-BB88-33201797C7D8}.Windows Developer Preview Debug|Win32.Build.0 = Windows Vista Release|Win32
		{22166290-65D8-49D2-BB88-33201797C7D8}.Windows Developer Preview Debug|x64.ActiveCfg = Windows Vista Release|x64
		{22166290-65D8-49D2-BB88-33201797C7D8}.Windows Developer Preview Debug|x64.Build.0 = Windows Vista Release|x64
		{22166290-65D8-49D2-BB88-33201797C7D8}.Windows Developer Preview Release|Win32.ActiveCfg = Windows Vista Release|Win32
		{22166290-65D8-49D2-BB88-33201797C7D8}.Windows Developer Preview Release|Win32.Build.0 = Windows Vista Release|Win32
		{22166290-65D8-49D2-BB88-33201797C7D8}.Windows Developer Preview Release|x64.ActiveCfg = Windows Vista Release|x64
		{22166290-65D8-49D2-BB88-33201797C7D8}.Windows Developer Preview Release|x64.Build.0 = Windows Vista Release|x64
		{22166290-65D8-49D2-BB88-33201797C7D8}.Windows Vista Debug|Win32.ActiveCfg = Windows Vista Debug|Win32
		{22166290-65D8-49D2-BB88-33201797C7D8}.Windows Vista Debug|Win32.Build.0 = Windows Vista Debug|Win32
		{22166290-65D8-49D2-BB88-33201797C7D8}.Windows Vista Debug|Win32.Deploy.0 = Windows Vista Debug|Win32
		{22166290-65D8-49D2-BB88-33201797C7D8}.Windows Vista Debug|x64.ActiveCfg = Windows Vista Debug|x64
		{22166290-65D8-49D2-BB88-33201797C7D8}.Windows Vista Debug|x64.Build.0 = Windows Vista Debug|x64
		{22166290-65D8-49D2-BB88-33201797C7D8}.Windows Vista Debug|x64.Deploy.0 = Windows Vista Debug|x64
		{22166290-65D8-49D2-BB88-33201797C7D8}.Windows Vista Release|Win32.ActiveCfg = Windows Vista Release|Win32
		{22166290-65D8-49D2-BB88-33201797C7D8}.Windows Vista Release|Win32.Build.0 = Windows Vista Release|Win32
		{22166290-65D8-49D2-BB88-33201797C7D8}.Windows Vista Release|Win32.Deploy.0 = Windows Vista Release|Win32
		{22166290-65D8-49D2-BB88-33201797C7D8}.Windows Vista Release|x64.ActiveCfg = Windows Vista Release|x64
		{22166290-65D8-49D2-BB88-33201797C7D8}.Windows Vista Release|x64.Build.0 = Windows Vista Release|x64
		{22166290-65D8-49D2-BB88-33201797C7D8}.Windows Vista Release|x64.Deploy.0 = Windows Vista Release|x64
		{2E61D2CC-865E-442C-8C83-B8DAFD7BBD3B}.Debug|Win32.ActiveCfg = Debug|Win32
		{2E61D2CC-865E-442C-8C83-B8DAFD7BBD3B}.Debug|Win32.Build.0 = Debug|Win32
		{2E61D2CC-865E-442C-8C83-B8DAFD7BBD3B}.Debug|Win32.Deploy.0 = Debug|Win32
		{2E61D2CC-865E-442C-8C83-B8DAFD7BBD3B}.Debug|x64.ActiveCfg = Debug|Win32
		{2E61D2CC-865E-442C-8C83-B8DAFD7BBD3B}.Release|Win32.ActiveCfg = Release|Win32
		{2E61D2CC-865E-442C-8C83-B8DAFD7BBD3B}.Release|Win32.Build.0 = Release|Win32
		{2E61D2CC-865E-442C-8C83-B8DAFD7BBD3B}.Release|Win32.Deploy.0 = Release|Win32
		{2E61D2CC-865E-442C-8C83-B8DAFD7BBD3B}.Release|x64.ActiveCfg = Release|Win32
		{2E61D2CC-865E-442C-8C83-B8DAFD7BBD3B}.Windows 7 Debug|Win32.ActiveCfg = Debug|Win32
		{2E61D2CC-865E-442C-8C83-B8DAFD7BBD3B}.Windows 7 Debug|Win32.Build.0 = Debug|Win32
		{2E61D2CC-865E-442C-8C83-B8DAFD7BBD3B}.Windows 7 Debug|Win32.Deploy.0 = Debug|Win32
		{2E61D2CC-865E-442C-8C83-B8DAFD7BBD3B}.Windows 7 Debug|x64.ActiveCfg = Debug|x64
		{2E61D2CC-865E-442C-8C83-B8DAFD7BBD3B}.Windows 7 Debug|x64.Build.0 = Debug|x64
		{2E61D2CC-865E-442C-8C83-B8DAFD7BBD3B}.Windows 7 Debug|x64.Deploy.0 = Debug|x64
		{2E61D2CC-865E-442C-8C83-B8DAFD7BBD3B}.Windows 7 Release|Win32.ActiveCfg = Release|Win32
		{2E61D2CC-865E-442C-8C83-B8DAFD7BBD3B}.Windows 7 Release|Win32.Build.0 = Release|Win32
		{2E61D2CC-865E-442C-8C83-B8DAFD7BBD3B}.Windows 7 Release|Win32.Deploy.0 = Release|Win32
		{2E61D2CC-865E-442C-8C83-B8DAFD7BBD3B}.Windows 7 Release|x64.ActiveCfg = Release|x64
		{2E61D2CC-865E-442C-8C83-B8DAFD7BBD3B}.Windows 7 Release|x64.Build.0 = Release|x64
		{2E61D2CC-865E-442C-8C83-B8DAFD7BBD3B}.Windows 7 Release|x64.Deploy.0 = Release|x64
		{2E61D2CC-865E-442C-8C83-B8DAFD7BBD3B}.Windows Developer Preview Debug|Win32.ActiveCfg = Debug|Win32
		{2E61D2CC-865E-442C-8C83-B8DAFD7BBD3B}.Windows Developer Preview Debug|Win32.Build.0 = Debug|Win32
		{2E61D2CC-865E-442C-8C83-B8DAFD7BBD3B}.Windows Developer Preview Debug|Win32.Deploy.0 = Debug|Win32
		{2E61D2CC-865E-442C-8C83-B8DAFD7BBD3B}.Windows Developer Preview Debug|x64.ActiveCfg = Debug|Win32
		{2E61D2CC-865E-442C-8C83-B8DAFD7BBD3B}.Windows Developer Preview Release|Win32.ActiveCfg = Release|Win32
		{2E61D2CC-865E-442C-8C83-B8DAFD7BBD3B}.Windows Developer Preview Release|Win32.Build.0 = Release|Win32
		{2E61D2CC-865E-442C-8C83-B8DAFD7BBD3B}.Windows Developer Preview Release|Win32.Deploy.0 = Release|Win32
		{2E61D2CC-865E-442C-8C83-B8DAFD7BBD3B}.Windows Developer Preview Release|x64.ActiveCfg = Release|Win32
		{2E61D2CC-865E-442C-8C83-B8DAFD7BBD3B}.Windows Vista Debug|Win32.ActiveCfg = Debug|Win32
		{2E61D2CC-865E-442C-8C83-B8DAFD7BBD3B}.Windows Vista Debug|Win32.Build.0 = Debug|Win32
		{2E61D2CC-865E-442C-8C83-B8DAFD7BBD3B}.Windows Vista Debug|Win32.Deploy.0 = Debug|Win32
		{2E61D2CC-865E-442C-8C83-B8DAFD7BBD3B}.Windows Vista Debug|x64.ActiveCfg = Debug|x64
		{2E61D2CC-865E-442C-8C83-B8DAFD7BBD3B}.Windows Vista Debug|x64.Build.0 = Debug|x64
		{2E61D2CC-865E-442C-8C83-B8DAFD7BBD3B}.Windows Vista Debug|x64.Deploy.0 = Debug|x64
		{2E61D2CC-865E-442C-8C83-B8DAFD7BBD3B}.Windows Vista Release|Win32.ActiveCfg = Release|Win32
		{2E61D2CC-865E-442C-8C83-B8DAFD7BBD3B}.Windows Vista Release|Win32.Build.0 = Release|Win32
		{2E61D2CC-865E-442C-8C83-B8DAFD7BBD3B}.Windows Vista Release|Win32.Deploy.0 = Release|Win32
		{2E61D2CC-865E-442C-8C83-B8DAFD7BBD3B}.Windows Vista Release|x64.ActiveCfg = Release|x64
		{2E61D2CC-865E-442C-8C83-B8DAFD7BBD3B}.Windows Vista Release|x64.Build.0 = Release|x64
		{2E61D2CC-865E-442C-8C83-B8DAFD7BBD3B}.Windows Vista Release|x64.Deploy.0 = Release|x64
		{9B071A35-897C-477A-AEB7-95F77618A21D}.Debug|Win32.ActiveCfg = Windows Vista Debug|Win32
		{9B071A35-897C-477A-AEB7-95F77618A21D}.Debug|Win32.Build.0 = Windows Vista Debug|Win32
		{9B071A35-897C-477A-AEB7-95F77618A21D}.Debug|Win32.Deploy.0 = Windows Vista Debug|Win32
		{9B071A35-897C-477A-AEB7-95F77618A21D}.Debug|x64.ActiveCfg = Windows Vista Debug|x64
		{9B071A35-897C-477A-AEB7-95F77618A21D}.Debug|x64.Build.0 = Windows Vista Debug|x64
		{9B071A35-897C-477A-AEB7-95F77618A21D}.Release|Win32.ActiveCfg = Windows Vista Release|Win32
		{9B071A35-897C-477A-AEB7-95F77618A21D}.Release|Win32.Build.0 = Windows Vista Release|Win32
		{9B071A35-897C-477A-AEB7-95F77618A21D}.Release|Win32.Deploy.0 = Windows Vista Release|Win32
		{9B071A35-897C-477A-AEB7-95F77618A21D}.Release|x64.ActiveCfg = Windows Vista Release|x64
		{9B071A35-897C-477A-AEB7-95F77618A21D}.Release|x64.Build.0 = Windows Vista Release|x64
		{9B071A35-897C-477A-AEB7-95F77618A21D}.Windows 7 Debug|Win32.ActiveCfg = Windows 7 Debug|Win32
		{9B071A35-897C-477A-AEB7-95F77618A21D}.Windows 7 Debug|Win32.Build.0 = Windows 7 Debug|Win32
		{9B071A35-897C-477A-AEB7-95F77618A21D}.Windows 7 Debug|Win32.Deploy.0 = Windows 7 Debug|Win32
		{9B071A35-897C-477A-AEB7-95F77618A21D}.Windows 7 Debug|x64.ActiveCfg = Windows 7 Debug|x64
		{9B071A35-897C-477A-AEB7-95F77618A21D}.Windows 7 Debug|x64.Build.0 = Windows 7 Debug|x64
		{9B071A35-897C-477A-AEB7-95F77618A21D}.Windows 7 Debug|x64.Deploy.0 = Windows 7 Debug|x64
		{9B071A35-897C-477A-AEB7-95F77618A21D}.Windows 7 Release|Win32.ActiveCfg = Windows 7 Release|Win32
		{9B071A35-897C-477A-AEB7-95F77618A21D}.Windows 7 Release|Win32.Build.0 = Windows 7 Release|Win32
		{9B071A35-897C-477A-AEB7-95F77618A21D}.Windows 7 Release|Win32.Deploy.0 = Windows 7 Release|Win32
		{9B071A35-897C-477A-AEB7-95F77618A21D}.Windows 7 Release|x64.ActiveCfg = Windows 7 Release|x64
		{9B071A35-897C-477A-AEB7-95F77618A21D}.Windows 7 Release|x64.Build.0 = Windows 7 Release|x64
		{9B071A35-897C-477A-AEB7-95F77618A21D}.Windows 7 Release|x64.Deploy.0 = Windows 7 Release|x64
		{9B071A35-897C-477A-AEB7-95F77618A21D}.Windows Developer Preview Debug|Win32.ActiveCfg = Windows 8 Debug|Win32
		{9B071A35-897C-477A-AEB7-95F77618A21D}.Windows Developer Preview Debug|Win32.Build.0 = Windows 8 Debug|Win32
		{9B071A35-897C-477A-AEB7-95F77618A21D}.Windows Developer Preview Debug|x64.ActiveCfg = Windows 8 Debug|x64
		{9B071A35-897C-477A-AEB7-95F77618A21D}.Windows Developer Preview Debug|x64.Build.0 = Windows 8 Debug|x64
		{9B071A35-897C-477A-AEB7-95F77618A21D}.Windows Developer Preview Release|Win32.ActiveCfg = Windows 8 Debug|Win32
		{9B071A35-897C-477A-AEB7-95F77618A21D}.Windows Developer Preview Release|Win32.Build.0 = Windows 8 Debug|Win32
		{9B071A35-897C-477A-AEB7-95F77618A21D}.Windows Developer Preview Release|x64.ActiveCfg = Windows 8 Debug|x64
		{9B071A35-897C-477A-AEB7-95F77618A21D}.Windows Developer Preview Release|x64.Build.0 = Windows 8 Debug|x64
		{9B071A35-897C-477A-AEB7-95F77618A21D}.Windows Vista Debug|Win32.ActiveCfg = Windows Vista Debug|Win32
		{9B071A35-897C-477A-AEB7-95F77618A21D}.Windows Vista Debug|Win32.Build.0 = Windows Vista Debug|Win32
		{9B071A35-897C-477A-AEB7-95F77618A21D}.Windows Vista Debug|Win32.Deploy.0 = Windows Vista Debug|Win32
		{9B071A35-897C-477A-AEB7-95F77618A21D}.Windows Vista Debug|x64.ActiveCfg = Windows Vista Debug|x64
		{9B071A35-897C-477A-AEB7-95F77618A21D}.Windows Vista Debug|x64.Build.0 = Windows Vista Debug|x64
		{9B071A35-897C-477A-AEB7-95F77618A21D}.Windows Vista Debug|x64.Deploy.0 = Windows Vista Debug|x64
		{9B071A35-897C-477A-AEB7-95F77618A21D}.Windows Vista Release|Win32.ActiveCfg = Windows Vista Release|Win32
		{9B071A35-897C-477A-AEB7-95F77618A21D}.Windows Vista Release|Win32.Build.0 = Windows Vista Release|Win32
		{9B071A35-897C-477A-AEB7-95F77618A21D}.Windows Vista Release|Win32.Deploy.0 = Windows Vista Release|Win32
		{9B071A35-897C-477A-AEB7-95F77618A21D}.Windows Vista Release|x64.ActiveCfg = Windows Vista Release|x64
		{9B071A35-897C-477A-AEB7-95F77618A21D}.Windows Vista Release|x64.Build.0 = Windows Vista Release|x64
		{9B071A35-897C-477A-AEB7-95F77618A21D}.Windows Vista Release|x64.Deploy.0 = Windows Vista Release|x64
	EndGlobalSection
	GlobalSection(SolutionProperties) = preSolution
		HideSolutionNode = FALSE
	EndGlobalSection
EndGlobal
